SITE
  remote: http://community.opscode.com/api/v1
  specs:
    apt (2.4.0)
    bluepill (2.3.1)
      rsyslog (>= 0.0.0)
    build-essential (2.0.4)
    chef-solo-search (0.5.1)
    chef-sugar (2.0.0)
    chef_gem (0.1.0)
    chef_handler (1.1.6)
    chocolatey (0.1.0)
      powershell (>= 0.0.0)
    dmg (2.2.0)
    git (4.0.2)
      build-essential (>= 0.0.0)
      dmg (>= 0.0.0)
      runit (>= 1.0.0)
      windows (>= 0.0.0)
      yum (~> 3.0)
      yum-epel (>= 0.0.0)
    logrotate (1.6.0)
    monit (0.7.1)
    ms_dotnet2 (1.0.0)
      windows (>= 0.0.0)
    ms_dotnet4 (1.0.2)
      windows (>= 0.0.0)
    ms_dotnet45 (1.1.2)
      windows (>= 0.0.0)
    nginx (2.7.4)
      apt (~> 2.2)
      bluepill (~> 2.3)
      build-essential (~> 2.0)
      ohai (~> 2.0)
      runit (~> 1.2)
      yum-epel (~> 0.3)
    ohai (2.0.1)
    openssl (2.0.0)
      chef-sugar (>= 0.0.0)
    phantomjs (1.0.3)
      build-essential (>= 0.0.0)
      chocolatey (>= 0.0.0)
    powershell (3.0.7)
      ms_dotnet2 (>= 0.0.0)
      ms_dotnet4 (>= 0.0.0)
      ms_dotnet45 (>= 0.0.0)
      windows (>= 1.2.8)
    rsyslog (1.12.2)
    runit (1.5.10)
      build-essential (>= 0.0.0)
      yum (~> 3.0)
      yum-epel (>= 0.0.0)
    sudo (2.6.0)
    ulimit (0.3.2)
    windows (1.32.3)
      chef_handler (>= 0.0.0)
    yum (3.2.2)
    yum-epel (0.3.6)
      yum (~> 3.0)

GIT
  remote: git://github.com/brianbianco/redisio.git
  ref: master
  sha: 5ba4ac430caee386327dee4052880bed83691864
  specs:
    redisio (2.2.3)
      build-essential (>= 0.0.0)
      ulimit (>= 0.1.2)

GIT
  remote: git://github.com/fnichol/chef-rvm.git
  ref: master
  sha: dd58087e7399097a9b9df4e2e7235908aace2afd
  specs:
    rvm (0.9.2)
      chef_gem (>= 0.0.0)

GIT
  remote: git://github.com/phlipper/chef-postgresql.git
  ref: master
  sha: 8438360775ce239627878dddded9cfde72e2d3ff
  specs:
    postgresql (0.14.1)
      apt (>= 1.9.0)

GIT
  remote: git://github.com/yourabi/chef-puma.git
  ref: master
  sha: d60844b49c538c5ff99b46481a79d5b0d0b6f407
  specs:
    chef-puma (0.1.5)
      logrotate (>= 0.0.0)
      monit (>= 0.0.0)

GIT
  remote: git@github.com:fnichol/chef-user.git
  ref: master
  sha: 62e3e2b6848445f80ba1ff22bd82c57c63fa72e5
  specs:
    user (0.3.1)

DEPENDENCIES
  apt (>= 0)
  build-essential (>= 0)
  chef-puma (>= 0)
  chef-solo-search (>= 0)
  git (>= 0)
  nginx (>= 0)
  ohai (>= 0)
  openssl (>= 0)
  phantomjs (>= 0)
  postgresql (>= 0)
  redisio (>= 0)
  rvm (>= 0)
  sudo (>= 0)
  user (>= 0)

